
Microsoft Visual Studio Solution File, Format Version 12.00
# Visual Studio 15
VisualStudioVersion = 15.0.26730.16
MinimumVisualStudioVersion = 10.0.40219.1
Project("{FAE04EC0-301F-11D3-BF4B-00C04F79EFBC}") = "YordanAzureFunctions", "YordanAzureFunctions\YordanAzureFunctions.csproj", "{FDD39A07-43AB-4955-9E0E-D2A6E672DEB0}"
EndProject
Global
	GlobalSection(SolutionConfigurationPlatforms) = preSolution
		Debug|Any CPU = Debug|Any CPU
		Release|Any CPU = Release|Any CPU
	EndGlobalSection
	GlobalSection(ProjectConfigurationPlatforms) = postSolution
		{FDD39A07-43AB-4955-9E0E-D2A6E672DEB0}.Debug|Any CPU.ActiveCfg = Debug|Any CPU
		{FDD39A07-43AB-4955-9E0E-D2A6E672DEB0}.Debug|Any CPU.Build.0 = Debug|Any CPU
		{FDD39A07-43AB-4955-9E0E-D2A6E672DEB0}.Release|Any CPU.ActiveCfg = Release|Any CPU
		{FDD39A07-43AB-4955-9E0E-D2A6E672DEB0}.Release|Any CPU.Build.0 = Release|Any CPU
	EndGlobalSection
	GlobalSection(SolutionProperties) = preSolution
		HideSolutionNode = FALSE
	EndGlobalSection
	GlobalSection(ExtensibilityGlobals) = postSolution
		SolutionGuid = {6AB06837-79C3-4AD4-8D03-C2F67E1DE98C}
	EndGlobalSection
EndGlobal
